
Microsoft Visual Studio Solution File, Format Version 12.00
# Visual Studio Version 17
VisualStudioVersion = 17.0.31903.59
MinimumVisualStudioVersion = 10.0.40219.1
Project("{2150E333-8FDC-42A3-9474-1A3956D46DE8}") = "src", "src", "{F91619AB-250C-4273-AE5B-9A51428185EA}"
EndProject
Project("{FAE04EC0-301F-11D3-BF4B-00C04F79EFBC}") = "AuctionService-controllers", "src\AuctionService-controllers\AuctionService-controllers.csproj", "{7585BDDE-CAF9-4560-988A-0A2A160AA309}"
EndProject
Project("{FAE04EC0-301F-11D3-BF4B-00C04F79EFBC}") = "SearchService-controllers", "src\SearchService-controllers\SearchService-controllers.csproj", "{2F972536-D27F-4EA5-A9F4-D0F3F59B6CD5}"
EndProject
Project("{FAE04EC0-301F-11D3-BF4B-00C04F79EFBC}") = "Contracts", "src\Contracts\Contracts.csproj", "{06312AC9-E24D-465B-9E40-7DE2A793470E}"
EndProject
Global
	GlobalSection(SolutionConfigurationPlatforms) = preSolution
		Debug|Any CPU = Debug|Any CPU
		Release|Any CPU = Release|Any CPU
	EndGlobalSection
	GlobalSection(SolutionProperties) = preSolution
		HideSolutionNode = FALSE
	EndGlobalSection
	GlobalSection(ProjectConfigurationPlatforms) = postSolution
		{7585BDDE-CAF9-4560-988A-0A2A160AA309}.Debug|Any CPU.ActiveCfg = Debug|Any CPU
		{7585BDDE-CAF9-4560-988A-0A2A160AA309}.Debug|Any CPU.Build.0 = Debug|Any CPU
		{7585BDDE-CAF9-4560-988A-0A2A160AA309}.Release|Any CPU.ActiveCfg = Release|Any CPU
		{7585BDDE-CAF9-4560-988A-0A2A160AA309}.Release|Any CPU.Build.0 = Release|Any CPU
		{2F972536-D27F-4EA5-A9F4-D0F3F59B6CD5}.Debug|Any CPU.ActiveCfg = Debug|Any CPU
		{2F972536-D27F-4EA5-A9F4-D0F3F59B6CD5}.Debug|Any CPU.Build.0 = Debug|Any CPU
		{2F972536-D27F-4EA5-A9F4-D0F3F59B6CD5}.Release|Any CPU.ActiveCfg = Release|Any CPU
		{2F972536-D27F-4EA5-A9F4-D0F3F59B6CD5}.Release|Any CPU.Build.0 = Release|Any CPU
		{06312AC9-E24D-465B-9E40-7DE2A793470E}.Debug|Any CPU.ActiveCfg = Debug|Any CPU
		{06312AC9-E24D-465B-9E40-7DE2A793470E}.Debug|Any CPU.Build.0 = Debug|Any CPU
		{06312AC9-E24D-465B-9E40-7DE2A793470E}.Release|Any CPU.ActiveCfg = Release|Any CPU
		{06312AC9-E24D-465B-9E40-7DE2A793470E}.Release|Any CPU.Build.0 = Release|Any CPU
	EndGlobalSection
	GlobalSection(NestedProjects) = preSolution
		{7585BDDE-CAF9-4560-988A-0A2A160AA309} = {F91619AB-250C-4273-AE5B-9A51428185EA}
		{2F972536-D27F-4EA5-A9F4-D0F3F59B6CD5} = {F91619AB-250C-4273-AE5B-9A51428185EA}
		{06312AC9-E24D-465B-9E40-7DE2A793470E} = {F91619AB-250C-4273-AE5B-9A51428185EA}
	EndGlobalSection
EndGlobal
